
Microsoft Visual Studio Solution File, Format Version 12.00
# Visual Studio Version 17
VisualStudioVersion = 17.0.31912.275
MinimumVisualStudioVersion = 10.0.40219.1
Project("{9A19103F-16F7-4668-BE54-9A1E7A4F7556}") = "DTEditorLeftJoinSample", "DTEditorLeftJoinSample.csproj", "{5827A190-ED7B-4E61-A33A-FDC451A05941}"
EndProject
Global
	GlobalSection(SolutionConfigurationPlatforms) = preSolution
		Debug|Any CPU = Debug|Any CPU
		Release|Any CPU = Release|Any CPU
	EndGlobalSection
	GlobalSection(ProjectConfigurationPlatforms) = postSolution
		{5827A190-ED7B-4E61-A33A-FDC451A05941}.Debug|Any CPU.ActiveCfg = Debug|Any CPU
		{5827A190-ED7B-4E61-A33A-FDC451A05941}.Debug|Any CPU.Build.0 = Debug|Any CPU
		{5827A190-ED7B-4E61-A33A-FDC451A05941}.Release|Any CPU.ActiveCfg = Release|Any CPU
		{5827A190-ED7B-4E61-A33A-FDC451A05941}.Release|Any CPU.Build.0 = Release|Any CPU
	EndGlobalSection
	GlobalSection(SolutionProperties) = preSolution
		HideSolutionNode = FALSE
	EndGlobalSection
	GlobalSection(ExtensibilityGlobals) = postSolution
		SolutionGuid = {159C4C59-595E-4341-A6C2-C0AE16F037B3}
	EndGlobalSection
EndGlobal
